<?xml version="1.0" encoding="utf-8"?>
<Project ToolsVersion="4.0" xmlns="http://schemas.microsoft.com/developer/msbuild/2003">
  <ItemGroup>
    <Filter Include="리소스 파일">
      <UniqueIdentifier>{67DA6AB6-F800-4c08-8B7A-83BB121AAD01}</UniqueIdentifier>
      <Extensions>rc;ico;cur;bmp;dlg;rc2;rct;bin;rgs;gif;jpg;jpeg;jpe;resx;tiff;tif;png;wav;mfcribbon-ms</Extensions>
    </Filter>
    <Filter Include="game">
      <UniqueIdentifier>{4FC737F1-C7A5-4376-A066-2A32D752A2FF}</UniqueIdentifier>
      <Extensions>cpp;c;cc;cxx;c++;cppm;ixx;def;odl;idl;hpj;bat;asm;asmx</Extensions>
    </Filter>
    <Filter Include="game\00-Header">
      <UniqueIdentifier>{9df2a320-d598-4840-83f7-f1470c0ad08b}</UniqueIdentifier>
    </Filter>
    <Filter Include="game\01-Level">
      <UniqueIdentifier>{365bd9b6-2ddb-481e-be5a-57c032a590b4}</UniqueIdentifier>
    </Filter>
    <Filter Include="game\02-Object">
      <UniqueIdentifier>{972cda4c-585f-4f3f-a5d6-e07de73b6a59}</UniqueIdentifier>
    </Filter>
    <Filter Include="game\03-Component">
      <UniqueIdentifier>{26b9ebe4-ca6b-472c-ac8c-d70a2d7ad8be}</UniqueIdentifier>
    </Filter>
    <Filter Include="game\03-Component\Interface">
      <UniqueIdentifier>{8960c93b-4f27-4ee2-9377-497d301f66f2}</UniqueIdentifier>
    </Filter>
    <Filter Include="game\04-Util">
      <UniqueIdentifier>{1d665e56-6ad8-42d1-a1dd-051b2a52d93e}</UniqueIdentifier>
    </Filter>
    <Filter Include="game\04-Util\Input">
      <UniqueIdentifier>{31994e6a-af9f-4778-8d93-1b2006784890}</UniqueIdentifier>
    </Filter>
    <Filter Include="game\04-Util\Debug">
      <UniqueIdentifier>{d5a901a8-72c4-4a4a-bd71-6d9e31996194}</UniqueIdentifier>
    </Filter>
    <Filter Include="game\04-Util\Log">
      <UniqueIdentifier>{8b288f97-8e44-43c5-ac0e-41ddec1bc7e1}</UniqueIdentifier>
    </Filter>
    <Filter Include="game\03-Component\Rigidbody">
      <UniqueIdentifier>{2108cdf5-e1b9-45db-94a4-7ce9d639ce99}</UniqueIdentifier>
    </Filter>
    <Filter Include="game\02-Object\Player">
      <UniqueIdentifier>{ce6aa2bf-76b3-402b-89ac-5e1fbacc61c0}</UniqueIdentifier>
    </Filter>
    <Filter Include="game\04-Util\Time">
      <UniqueIdentifier>{1c858c5f-9244-480d-b780-7d94d33e16ca}</UniqueIdentifier>
    </Filter>
    <Filter Include="game\02-Object\Ground">
      <UniqueIdentifier>{c2eedeb0-79ea-4fa3-8182-49abdedbdb9b}</UniqueIdentifier>
    </Filter>
    <Filter Include="game\03-Component\Collider">
      <UniqueIdentifier>{06ef432b-8932-4e5c-990e-1e97845623b7}</UniqueIdentifier>
    </Filter>
  </ItemGroup>
  <ItemGroup>
    <ClInclude Include="PCH.h" />
    <ClInclude Include="framework.h" />
    <ClInclude Include="Portfolio_WinAPI_MapleStory.h" />
    <ClInclude Include="Resource.h" />
    <ClInclude Include="targetver.h" />
    <ClInclude Include="DesignPatterns.h">
      <Filter>game\00-Header</Filter>
    </ClInclude>
    <ClInclude Include="Engine.h">
      <Filter>game</Filter>
    </ClInclude>
    <ClInclude Include="Types.h">
      <Filter>game\00-Header</Filter>
    </ClInclude>
    <ClInclude Include="LevelManager.h">
      <Filter>game\01-Level</Filter>
    </ClInclude>
    <ClInclude Include="Level.h">
      <Filter>game\01-Level</Filter>
    </ClInclude>
    <ClInclude Include="Entity.h">
      <Filter>game</Filter>
    </ClInclude>
    <ClInclude Include="Level_Test.h">
      <Filter>game\01-Level</Filter>
    </ClInclude>
    <ClInclude Include="GameObject.h">
      <Filter>game\02-Object</Filter>
    </ClInclude>
    <ClInclude Include="Component.h">
      <Filter>game\03-Component</Filter>
    </ClInclude>
    <ClInclude Include="IMovable.h">
      <Filter>game\03-Component\Interface</Filter>
    </ClInclude>
    <ClInclude Include="IKeyEvent.h">
      <Filter>game\04-Util\Input</Filter>
    </ClInclude>
    <ClInclude Include="InputManager.h">
      <Filter>game\04-Util\Input</Filter>
    </ClInclude>
    <ClInclude Include="DebugRender.h">
      <Filter>game\04-Util\Debug</Filter>
    </ClInclude>
    <ClInclude Include="Log.h">
      <Filter>game\04-Util\Log</Filter>
    </ClInclude>
    <ClInclude Include="Functions.h">
      <Filter>game\00-Header</Filter>
    </ClInclude>
    <ClInclude Include="Rigidbody.h">
      <Filter>game\03-Component\Rigidbody</Filter>
    </ClInclude>
    <ClInclude Include="IJumpable.h">
      <Filter>game\03-Component\Interface</Filter>
    </ClInclude>
    <ClInclude Include="Player.h">
      <Filter>game\02-Object\Player</Filter>
    </ClInclude>
    <ClInclude Include="TimeManager.h">
      <Filter>game\04-Util\Time</Filter>
    </ClInclude>
    <ClInclude Include="Ground.h">
      <Filter>game\02-Object\Ground</Filter>
    </ClInclude>
    <ClInclude Include="Collider.h">
      <Filter>game\03-Component\Collider</Filter>
    </ClInclude>
    <ClInclude Include="CollisionManager.h">
      <Filter>game\03-Component\Collider</Filter>
    </ClInclude>
  </ItemGroup>
  <ItemGroup>
    <ResourceCompile Include="Portfolio_WinAPI_MapleStory.rc">
      <Filter>리소스 파일</Filter>
    </ResourceCompile>
  </ItemGroup>
  <ItemGroup>
    <Image Include="small.ico">
      <Filter>리소스 파일</Filter>
    </Image>
    <Image Include="Portfolio_WinAPI_MapleStory.ico">
      <Filter>리소스 파일</Filter>
    </Image>
  </ItemGroup>
  <ItemGroup>
    <ClCompile Include="main.cpp" />
    <ClCompile Include="Engine.cpp">
      <Filter>game</Filter>
    </ClCompile>
    <ClCompile Include="LevelManager.cpp">
      <Filter>game\01-Level</Filter>
    </ClCompile>
    <ClCompile Include="Level.cpp">
      <Filter>game\01-Level</Filter>
    </ClCompile>
    <ClCompile Include="Entity.cpp">
      <Filter>game</Filter>
    </ClCompile>
    <ClCompile Include="Level_Test.cpp">
      <Filter>game\01-Level</Filter>
    </ClCompile>
    <ClCompile Include="GameObject.cpp">
      <Filter>game\02-Object</Filter>
    </ClCompile>
    <ClCompile Include="Component.cpp">
      <Filter>game\03-Component</Filter>
    </ClCompile>
    <ClCompile Include="InputManager.cpp">
      <Filter>game\04-Util\Input</Filter>
    </ClCompile>
    <ClCompile Include="DebugRender.cpp">
      <Filter>game\04-Util\Debug</Filter>
    </ClCompile>
    <ClCompile Include="Log.cpp">
      <Filter>game\04-Util\Log</Filter>
    </ClCompile>
    <ClCompile Include="Functions.cpp">
      <Filter>game\00-Header</Filter>
    </ClCompile>
    <ClCompile Include="Rigidbody.cpp">
      <Filter>game\03-Component\Rigidbody</Filter>
    </ClCompile>
    <ClCompile Include="Player.cpp">
      <Filter>game\02-Object\Player</Filter>
    </ClCompile>
    <ClCompile Include="TimeManager.cpp">
      <Filter>game\04-Util\Time</Filter>
    </ClCompile>
    <ClCompile Include="Ground.cpp">
      <Filter>game\02-Object\Ground</Filter>
    </ClCompile>
    <ClCompile Include="Collider.cpp">
      <Filter>game\03-Component\Collider</Filter>
    </ClCompile>
    <ClCompile Include="CollisionManager.cpp">
      <Filter>game\03-Component\Collider</Filter>
    </ClCompile>
  </ItemGroup>
</Project>