<?xml version="1.0" encoding="utf-8"?>
<Project ToolsVersion="4.0" xmlns="http://schemas.microsoft.com/developer/msbuild/2003">
  <ItemGroup>
    <Filter Include="리소스 파일">
      <UniqueIdentifier>{67DA6AB6-F800-4c08-8B7A-83BB121AAD01}</UniqueIdentifier>
      <Extensions>rc;ico;cur;bmp;dlg;rc2;rct;bin;rgs;gif;jpg;jpeg;jpe;resx;tiff;tif;png;wav;mfcribbon-ms</Extensions>
    </Filter>
    <Filter Include="game">
      <UniqueIdentifier>{4FC737F1-C7A5-4376-A066-2A32D752A2FF}</UniqueIdentifier>
      <Extensions>cpp;c;cc;cxx;c++;cppm;ixx;def;odl;idl;hpj;bat;asm;asmx</Extensions>
    </Filter>
    <Filter Include="game\00-Header">
      <UniqueIdentifier>{9df2a320-d598-4840-83f7-f1470c0ad08b}</UniqueIdentifier>
    </Filter>
    <Filter Include="game\01-Level">
      <UniqueIdentifier>{365bd9b6-2ddb-481e-be5a-57c032a590b4}</UniqueIdentifier>
    </Filter>
    <Filter Include="game\02-Object">
      <UniqueIdentifier>{972cda4c-585f-4f3f-a5d6-e07de73b6a59}</UniqueIdentifier>
    </Filter>
    <Filter Include="game\03-Component">
      <UniqueIdentifier>{26b9ebe4-ca6b-472c-ac8c-d70a2d7ad8be}</UniqueIdentifier>
    </Filter>
    <Filter Include="game\03-Component\Collider">
      <UniqueIdentifier>{06ef432b-8932-4e5c-990e-1e97845623b7}</UniqueIdentifier>
    </Filter>
    <Filter Include="game\04-Module">
      <UniqueIdentifier>{c562b261-6d11-462f-b195-58612c13b236}</UniqueIdentifier>
    </Filter>
    <Filter Include="game\04-Module\Skill">
      <UniqueIdentifier>{40f3242b-0621-41fc-a8c9-51c048db6111}</UniqueIdentifier>
    </Filter>
    <Filter Include="game\02-Object\AliveObject">
      <UniqueIdentifier>{7d28406c-c37a-4652-b60c-45d99db7f315}</UniqueIdentifier>
    </Filter>
    <Filter Include="game\02-Object\SkillObject">
      <UniqueIdentifier>{86fbd53b-5db7-400c-89e0-ead7e06cca5a}</UniqueIdentifier>
    </Filter>
    <Filter Include="game\04-Module\Asset">
      <UniqueIdentifier>{2db5bf79-7461-4794-bbbf-2d34dcaddd8a}</UniqueIdentifier>
    </Filter>
    <Filter Include="game\03-Component\FSM">
      <UniqueIdentifier>{a954f464-cc99-4998-99f8-12c4961746c7}</UniqueIdentifier>
    </Filter>
    <Filter Include="game\03-Component\Rigidbody">
      <UniqueIdentifier>{2108cdf5-e1b9-45db-94a4-7ce9d639ce99}</UniqueIdentifier>
    </Filter>
    <Filter Include="game\04-Module\State">
      <UniqueIdentifier>{9b58f1b4-8bf3-48e9-b084-cd287d4362c8}</UniqueIdentifier>
    </Filter>
    <Filter Include="game\05-Util">
      <UniqueIdentifier>{1d665e56-6ad8-42d1-a1dd-051b2a52d93e}</UniqueIdentifier>
    </Filter>
    <Filter Include="game\05-Util\Input">
      <UniqueIdentifier>{31994e6a-af9f-4778-8d93-1b2006784890}</UniqueIdentifier>
    </Filter>
    <Filter Include="game\05-Util\Log">
      <UniqueIdentifier>{8b288f97-8e44-43c5-ac0e-41ddec1bc7e1}</UniqueIdentifier>
    </Filter>
    <Filter Include="game\05-Util\Time">
      <UniqueIdentifier>{1c858c5f-9244-480d-b780-7d94d33e16ca}</UniqueIdentifier>
    </Filter>
    <Filter Include="game\05-Util\Camera">
      <UniqueIdentifier>{e2488961-6bde-4587-923b-f282063fc708}</UniqueIdentifier>
    </Filter>
    <Filter Include="game\05-Util\Data">
      <UniqueIdentifier>{0f8592fb-b466-484e-b886-cdee5b1ae51e}</UniqueIdentifier>
    </Filter>
    <Filter Include="game\05-Util\Path">
      <UniqueIdentifier>{8e3dfc6d-c639-407b-b8b3-f29d0f091fcf}</UniqueIdentifier>
    </Filter>
    <Filter Include="game\02-Object\AliveObject\Monster">
      <UniqueIdentifier>{33659c8a-de83-45d3-b11f-f438103e3446}</UniqueIdentifier>
    </Filter>
    <Filter Include="game\02-Object\AliveObject\Player">
      <UniqueIdentifier>{ce6aa2bf-76b3-402b-89ac-5e1fbacc61c0}</UniqueIdentifier>
    </Filter>
    <Filter Include="game\04-Module\Animation">
      <UniqueIdentifier>{3e4a53d1-0fe2-419e-9bd6-32988c25fea1}</UniqueIdentifier>
    </Filter>
    <Filter Include="game\03-Component\Animator">
      <UniqueIdentifier>{d9f23eae-2344-4990-8e74-061dbfdd7637}</UniqueIdentifier>
    </Filter>
    <Filter Include="game\04-Module\State\MonsterState">
      <UniqueIdentifier>{6e97940f-b05e-4f41-b09f-7288a749425c}</UniqueIdentifier>
    </Filter>
    <Filter Include="game\01-Level\Boss">
      <UniqueIdentifier>{19676d7b-f763-421a-868c-028f409d86a6}</UniqueIdentifier>
    </Filter>
    <Filter Include="game\04-Module\Map">
      <UniqueIdentifier>{4373269a-d4b2-4dac-b009-54cd587958d1}</UniqueIdentifier>
    </Filter>
    <Filter Include="game\02-Object\Ground">
      <UniqueIdentifier>{c2eedeb0-79ea-4fa3-8182-49abdedbdb9b}</UniqueIdentifier>
    </Filter>
    <Filter Include="game\02-Object\Wall">
      <UniqueIdentifier>{a3aa9fe1-98fe-4abd-aa85-6e75954ed6f0}</UniqueIdentifier>
    </Filter>
    <Filter Include="game\02-Object\Background">
      <UniqueIdentifier>{f99bcf71-d020-4bf0-a56f-8ea3db65b83b}</UniqueIdentifier>
    </Filter>
    <Filter Include="game\02-Object\UI">
      <UniqueIdentifier>{a9c9a0b2-f6a6-4c1a-8573-f5c77e1f4b0d}</UniqueIdentifier>
    </Filter>
    <Filter Include="game\01-Level\Boss\Will">
      <UniqueIdentifier>{7e5bdd9a-8778-4181-8eac-24e0486d2093}</UniqueIdentifier>
    </Filter>
    <Filter Include="game\04-Module\Skill\EnemySkill">
      <UniqueIdentifier>{e607a763-ae3d-419a-a73c-b22b617dd1f7}</UniqueIdentifier>
    </Filter>
    <Filter Include="game\04-Module\Skill\PlayerSkill">
      <UniqueIdentifier>{09fd90d9-5847-4372-be5e-713705a4c4e2}</UniqueIdentifier>
    </Filter>
    <Filter Include="game\04-Module\Skill\PlayerSkill\ActiveSkill">
      <UniqueIdentifier>{ceff14f8-29a1-478f-89e9-18c75575f486}</UniqueIdentifier>
    </Filter>
    <Filter Include="game\04-Module\Skill\Module">
      <UniqueIdentifier>{63bde81a-1af8-4d8a-a626-2abde90910e5}</UniqueIdentifier>
    </Filter>
    <Filter Include="game\04-Module\WindowGDI">
      <UniqueIdentifier>{f29e41df-be90-466d-937f-215053be3ae5}</UniqueIdentifier>
    </Filter>
    <Filter Include="game\05-Util\Debug">
      <UniqueIdentifier>{73dfab76-35c0-432a-a639-c9b3e89ac6a1}</UniqueIdentifier>
    </Filter>
    <Filter Include="game\05-Util\Random">
      <UniqueIdentifier>{dd97d835-c3c7-4fea-ac61-c0432bebf4ae}</UniqueIdentifier>
    </Filter>
  </ItemGroup>
  <ItemGroup>
    <ClInclude Include="PCH.h" />
    <ClInclude Include="framework.h" />
    <ClInclude Include="Portfolio_WinAPI_MapleStory.h" />
    <ClInclude Include="Resource.h" />
    <ClInclude Include="targetver.h" />
    <ClInclude Include="DesignPatterns.h">
      <Filter>game\00-Header</Filter>
    </ClInclude>
    <ClInclude Include="Engine.h">
      <Filter>game</Filter>
    </ClInclude>
    <ClInclude Include="LevelManager.h">
      <Filter>game\01-Level</Filter>
    </ClInclude>
    <ClInclude Include="Level.h">
      <Filter>game\01-Level</Filter>
    </ClInclude>
    <ClInclude Include="GameObject.h">
      <Filter>game\02-Object</Filter>
    </ClInclude>
    <ClInclude Include="Component.h">
      <Filter>game\03-Component</Filter>
    </ClInclude>
    <ClInclude Include="InputManager.h">
      <Filter>game\05-Util\Input</Filter>
    </ClInclude>
    <ClInclude Include="Log.h">
      <Filter>game\05-Util\Log</Filter>
    </ClInclude>
    <ClInclude Include="Functions.h">
      <Filter>game\00-Header</Filter>
    </ClInclude>
    <ClInclude Include="Rigidbody.h">
      <Filter>game\03-Component\Rigidbody</Filter>
    </ClInclude>
    <ClInclude Include="Player.h">
      <Filter>game\02-Object\AliveObject\Player</Filter>
    </ClInclude>
    <ClInclude Include="TimeManager.h">
      <Filter>game\05-Util\Time</Filter>
    </ClInclude>
    <ClInclude Include="Ground.h">
      <Filter>game\02-Object\Ground</Filter>
    </ClInclude>
    <ClInclude Include="Collider.h">
      <Filter>game\03-Component\Collider</Filter>
    </ClInclude>
    <ClInclude Include="CollisionManager.h">
      <Filter>game\03-Component\Collider</Filter>
    </ClInclude>
    <ClInclude Include="Camera.h">
      <Filter>game\05-Util\Camera</Filter>
    </ClInclude>
    <ClInclude Include="Monster.h">
      <Filter>game\02-Object\AliveObject\Monster</Filter>
    </ClInclude>
    <ClInclude Include="AliveObject.h">
      <Filter>game\02-Object\AliveObject</Filter>
    </ClInclude>
    <ClInclude Include="Skill.h">
      <Filter>game\04-Module\Skill</Filter>
    </ClInclude>
    <ClInclude Include="SkillManager.h">
      <Filter>game\04-Module\Skill</Filter>
    </ClInclude>
    <ClInclude Include="DataManager.h">
      <Filter>game\05-Util\Data</Filter>
    </ClInclude>
    <ClInclude Include="SkillObject.h">
      <Filter>game\02-Object\SkillObject</Filter>
    </ClInclude>
    <ClInclude Include="IKeyEvent.h">
      <Filter>game\05-Util\Input</Filter>
    </ClInclude>
    <ClInclude Include="Asset.h">
      <Filter>game\04-Module\Asset</Filter>
    </ClInclude>
    <ClInclude Include="Texture.h">
      <Filter>game\04-Module\Asset</Filter>
    </ClInclude>
    <ClInclude Include="AssetManager.h">
      <Filter>game\04-Module\Asset</Filter>
    </ClInclude>
    <ClInclude Include="PathManager.h">
      <Filter>game\05-Util\Path</Filter>
    </ClInclude>
    <ClInclude Include="FSM.h">
      <Filter>game\03-Component\FSM</Filter>
    </ClInclude>
    <ClInclude Include="State.h">
      <Filter>game\04-Module\State</Filter>
    </ClInclude>
    <ClInclude Include="Animation.h">
      <Filter>game\04-Module\Animation</Filter>
    </ClInclude>
    <ClInclude Include="Animator.h">
      <Filter>game\03-Component\Animator</Filter>
    </ClInclude>
    <ClInclude Include="Constants.h">
      <Filter>game\00-Header</Filter>
    </ClInclude>
    <ClInclude Include="Entity.h">
      <Filter>game</Filter>
    </ClInclude>
    <ClInclude Include="MonsterIdleState.h">
      <Filter>game\04-Module\State\MonsterState</Filter>
    </ClInclude>
    <ClInclude Include="MonsterTraceState.h">
      <Filter>game\04-Module\State\MonsterState</Filter>
    </ClInclude>
    <ClInclude Include="Level_Boss_Will_Phase1.h">
      <Filter>game\01-Level\Boss\Will</Filter>
    </ClInclude>
    <ClInclude Include="Map.h">
      <Filter>game\04-Module\Map</Filter>
    </ClInclude>
    <ClInclude Include="Wall.h">
      <Filter>game\02-Object\Wall</Filter>
    </ClInclude>
    <ClInclude Include="Background.h">
      <Filter>game\02-Object\Background</Filter>
    </ClInclude>
    <ClInclude Include="UI.h">
      <Filter>game\02-Object\UI</Filter>
    </ClInclude>
    <ClInclude Include="Types.h">
      <Filter>game\00-Header</Filter>
    </ClInclude>
    <ClInclude Include="ActiveSkill.h">
      <Filter>game\04-Module\Skill\PlayerSkill\ActiveSkill</Filter>
    </ClInclude>
    <ClInclude Include="MapManager.h">
      <Filter>game\04-Module\Map</Filter>
    </ClInclude>
    <ClInclude Include="DeadState.h">
      <Filter>game\04-Module\State</Filter>
    </ClInclude>
    <ClInclude Include="MonsterDeadState.h">
      <Filter>game\04-Module\State\MonsterState</Filter>
    </ClInclude>
    <ClInclude Include="PlayerEtcSkill.h">
      <Filter>game\04-Module\Skill\PlayerSkill\ActiveSkill</Filter>
    </ClInclude>
    <ClInclude Include="PlayerAttackSkill.h">
      <Filter>game\04-Module\Skill\PlayerSkill\ActiveSkill</Filter>
    </ClInclude>
    <ClInclude Include="AttackSkillModule.h">
      <Filter>game\04-Module\Skill\Module</Filter>
    </ClInclude>
    <ClInclude Include="EnemyAttackSkill.h">
      <Filter>game\04-Module\Skill\EnemySkill</Filter>
    </ClInclude>
    <ClInclude Include="GDIobject.h">
      <Filter>game\04-Module\WindowGDI</Filter>
    </ClInclude>
    <ClInclude Include="DebugRender.h">
      <Filter>game\05-Util\Debug</Filter>
    </ClInclude>
    <ClInclude Include="RandomManager.h">
      <Filter>game\05-Util\Random</Filter>
    </ClInclude>
    <ClInclude Include="MonsterAttackState.h">
      <Filter>game\04-Module\State\MonsterState</Filter>
    </ClInclude>
    <ClInclude Include="DeadBeforeState.h">
      <Filter>game\04-Module\State</Filter>
    </ClInclude>
  </ItemGroup>
  <ItemGroup>
    <ResourceCompile Include="Portfolio_WinAPI_MapleStory.rc">
      <Filter>리소스 파일</Filter>
    </ResourceCompile>
  </ItemGroup>
  <ItemGroup>
    <Image Include="small.ico">
      <Filter>리소스 파일</Filter>
    </Image>
    <Image Include="Portfolio_WinAPI_MapleStory.ico">
      <Filter>리소스 파일</Filter>
    </Image>
  </ItemGroup>
  <ItemGroup>
    <ClCompile Include="main.cpp" />
    <ClCompile Include="LevelManager.cpp">
      <Filter>game\01-Level</Filter>
    </ClCompile>
    <ClCompile Include="Level.cpp">
      <Filter>game\01-Level</Filter>
    </ClCompile>
    <ClCompile Include="Entity.cpp">
      <Filter>game</Filter>
    </ClCompile>
    <ClCompile Include="Component.cpp">
      <Filter>game\03-Component</Filter>
    </ClCompile>
    <ClCompile Include="InputManager.cpp">
      <Filter>game\05-Util\Input</Filter>
    </ClCompile>
    <ClCompile Include="Log.cpp">
      <Filter>game\05-Util\Log</Filter>
    </ClCompile>
    <ClCompile Include="Functions.cpp">
      <Filter>game\00-Header</Filter>
    </ClCompile>
    <ClCompile Include="Rigidbody.cpp">
      <Filter>game\03-Component\Rigidbody</Filter>
    </ClCompile>
    <ClCompile Include="Player.cpp">
      <Filter>game\02-Object\AliveObject\Player</Filter>
    </ClCompile>
    <ClCompile Include="TimeManager.cpp">
      <Filter>game\05-Util\Time</Filter>
    </ClCompile>
    <ClCompile Include="Ground.cpp">
      <Filter>game\02-Object\Ground</Filter>
    </ClCompile>
    <ClCompile Include="Collider.cpp">
      <Filter>game\03-Component\Collider</Filter>
    </ClCompile>
    <ClCompile Include="CollisionManager.cpp">
      <Filter>game\03-Component\Collider</Filter>
    </ClCompile>
    <ClCompile Include="Camera.cpp">
      <Filter>game\05-Util\Camera</Filter>
    </ClCompile>
    <ClCompile Include="Monster.cpp">
      <Filter>game\02-Object\AliveObject\Monster</Filter>
    </ClCompile>
    <ClCompile Include="GameObject.cpp">
      <Filter>game\02-Object</Filter>
    </ClCompile>
    <ClCompile Include="Skill.cpp">
      <Filter>game\04-Module\Skill</Filter>
    </ClCompile>
    <ClCompile Include="SkillManager.cpp">
      <Filter>game\04-Module\Skill</Filter>
    </ClCompile>
    <ClCompile Include="DataManager.cpp">
      <Filter>game\05-Util\Data</Filter>
    </ClCompile>
    <ClCompile Include="SkillObject.cpp">
      <Filter>game\02-Object\SkillObject</Filter>
    </ClCompile>
    <ClCompile Include="Asset.cpp">
      <Filter>game\04-Module\Asset</Filter>
    </ClCompile>
    <ClCompile Include="Texture.cpp">
      <Filter>game\04-Module\Asset</Filter>
    </ClCompile>
    <ClCompile Include="AssetManager.cpp">
      <Filter>game\04-Module\Asset</Filter>
    </ClCompile>
    <ClCompile Include="PathManager.cpp">
      <Filter>game\05-Util\Path</Filter>
    </ClCompile>
    <ClCompile Include="FSM.cpp">
      <Filter>game\03-Component\FSM</Filter>
    </ClCompile>
    <ClCompile Include="State.cpp">
      <Filter>game\04-Module\State</Filter>
    </ClCompile>
    <ClCompile Include="AliveObject.cpp">
      <Filter>game\02-Object\AliveObject</Filter>
    </ClCompile>
    <ClCompile Include="Animation.cpp">
      <Filter>game\04-Module\Animation</Filter>
    </ClCompile>
    <ClCompile Include="Animator.cpp">
      <Filter>game\03-Component\Animator</Filter>
    </ClCompile>
    <ClCompile Include="MonsterIdleState.cpp">
      <Filter>game\04-Module\State\MonsterState</Filter>
    </ClCompile>
    <ClCompile Include="Engine.cpp">
      <Filter>game</Filter>
    </ClCompile>
    <ClCompile Include="MonsterTraceState.cpp">
      <Filter>game\04-Module\State\MonsterState</Filter>
    </ClCompile>
    <ClCompile Include="Level_Boss_Will_Phase1.cpp">
      <Filter>game\01-Level\Boss\Will</Filter>
    </ClCompile>
    <ClCompile Include="Map.cpp">
      <Filter>game\04-Module\Map</Filter>
    </ClCompile>
    <ClCompile Include="Wall.cpp">
      <Filter>game\02-Object\Wall</Filter>
    </ClCompile>
    <ClCompile Include="Background.cpp">
      <Filter>game\02-Object\Background</Filter>
    </ClCompile>
    <ClCompile Include="UI.cpp">
      <Filter>game\02-Object\UI</Filter>
    </ClCompile>
    <ClCompile Include="ActiveSkill.cpp">
      <Filter>game\04-Module\Skill\PlayerSkill\ActiveSkill</Filter>
    </ClCompile>
    <ClCompile Include="MapManager.cpp">
      <Filter>game\04-Module\Map</Filter>
    </ClCompile>
    <ClCompile Include="DeadState.cpp">
      <Filter>game\04-Module\State</Filter>
    </ClCompile>
    <ClCompile Include="MonsterDeadState.cpp">
      <Filter>game\04-Module\State\MonsterState</Filter>
    </ClCompile>
    <ClCompile Include="PlayerEtcSkill.cpp">
      <Filter>game\04-Module\Skill\PlayerSkill\ActiveSkill</Filter>
    </ClCompile>
    <ClCompile Include="PlayerAttackSkill.cpp">
      <Filter>game\04-Module\Skill\PlayerSkill\ActiveSkill</Filter>
    </ClCompile>
    <ClCompile Include="AttackSkillModule.cpp">
      <Filter>game\04-Module\Skill\Module</Filter>
    </ClCompile>
    <ClCompile Include="EnemyAttackSkill.cpp">
      <Filter>game\04-Module\Skill\EnemySkill</Filter>
    </ClCompile>
    <ClCompile Include="GDIobject.cpp">
      <Filter>game\04-Module\WindowGDI</Filter>
    </ClCompile>
    <ClCompile Include="DebugRender.cpp">
      <Filter>game\05-Util\Debug</Filter>
    </ClCompile>
    <ClCompile Include="RandomManager.cpp">
      <Filter>game\05-Util\Random</Filter>
    </ClCompile>
    <ClCompile Include="MonsterAttackState.cpp">
      <Filter>game\04-Module\State\MonsterState</Filter>
    </ClCompile>
    <ClCompile Include="DeadBeforeState.cpp">
      <Filter>game\04-Module\State</Filter>
    </ClCompile>
  </ItemGroup>
</Project>